
Microsoft Visual Studio Solution File, Format Version 12.00
# Visual Studio Version 17
VisualStudioVersion = 17.3.32922.545
MinimumVisualStudioVersion = 10.0.40219.1
Project("{FAE04EC0-301F-11D3-BF4B-00C04F79EFBC}") = "RoshamboLab", "RoshamboLab\RoshamboLab.csproj", "{33E1A536-5956-4E06-A67B-BA7BC3D742BB}"
EndProject
Global
	GlobalSection(SolutionConfigurationPlatforms) = preSolution
		Debug|Any CPU = Debug|Any CPU
		Release|Any CPU = Release|Any CPU
	EndGlobalSection
	GlobalSection(ProjectConfigurationPlatforms) = postSolution
		{33E1A536-5956-4E06-A67B-BA7BC3D742BB}.Debug|Any CPU.ActiveCfg = Debug|Any CPU
		{33E1A536-5956-4E06-A67B-BA7BC3D742BB}.Debug|Any CPU.Build.0 = Debug|Any CPU
		{33E1A536-5956-4E06-A67B-BA7BC3D742BB}.Release|Any CPU.ActiveCfg = Release|Any CPU
		{33E1A536-5956-4E06-A67B-BA7BC3D742BB}.Release|Any CPU.Build.0 = Release|Any CPU
	EndGlobalSection
	GlobalSection(SolutionProperties) = preSolution
		HideSolutionNode = FALSE
	EndGlobalSection
	GlobalSection(ExtensibilityGlobals) = postSolution
		SolutionGuid = {81F6FD72-BCA4-40E8-8146-F2A41044C6FE}
	EndGlobalSection
EndGlobal
